
Microsoft Visual Studio Solution File, Format Version 12.00
# Visual Studio Version 17
VisualStudioVersion = 17.5.33516.290
MinimumVisualStudioVersion = 10.0.40219.1
Project("{FAE04EC0-301F-11D3-BF4B-00C04F79EFBC}") = "KingCompany.ResistenzaDiUnNumero", "KingCompany.ResistenzaDiUnNumero\KingCompany.ResistenzaDiUnNumero.csproj", "{3B824887-7A95-4BDE-80ED-B10C286EB2BF}"
EndProject
Project("{FAE04EC0-301F-11D3-BF4B-00C04F79EFBC}") = "KingCompany.FrequenzaDiUnNumero", "KingCompany.FrequenzaDiUnNumero\KingCompany.FrequenzaDiUnNumero.csproj", "{811DCA0D-C05A-4420-8C46-FB0192FE2CDF}"
EndProject
Global
	GlobalSection(SolutionConfigurationPlatforms) = preSolution
		Debug|Any CPU = Debug|Any CPU
		Release|Any CPU = Release|Any CPU
	EndGlobalSection
	GlobalSection(ProjectConfigurationPlatforms) = postSolution
		{3B824887-7A95-4BDE-80ED-B10C286EB2BF}.Debug|Any CPU.ActiveCfg = Debug|Any CPU
		{3B824887-7A95-4BDE-80ED-B10C286EB2BF}.Debug|Any CPU.Build.0 = Debug|Any CPU
		{3B824887-7A95-4BDE-80ED-B10C286EB2BF}.Release|Any CPU.ActiveCfg = Release|Any CPU
		{3B824887-7A95-4BDE-80ED-B10C286EB2BF}.Release|Any CPU.Build.0 = Release|Any CPU
		{811DCA0D-C05A-4420-8C46-FB0192FE2CDF}.Debug|Any CPU.ActiveCfg = Debug|Any CPU
		{811DCA0D-C05A-4420-8C46-FB0192FE2CDF}.Debug|Any CPU.Build.0 = Debug|Any CPU
		{811DCA0D-C05A-4420-8C46-FB0192FE2CDF}.Release|Any CPU.ActiveCfg = Release|Any CPU
		{811DCA0D-C05A-4420-8C46-FB0192FE2CDF}.Release|Any CPU.Build.0 = Release|Any CPU
	EndGlobalSection
	GlobalSection(SolutionProperties) = preSolution
		HideSolutionNode = FALSE
	EndGlobalSection
	GlobalSection(ExtensibilityGlobals) = postSolution
		SolutionGuid = {6150B578-DED8-47B0-8782-E56F37FD0BF8}
	EndGlobalSection
EndGlobal
